// !$*UTF8*$!
{
	archiveVersion = 1;
	classes = {
	};
	objectVersion = 46;
	objects = {

/* Begin PBXBuildFile section */
		557419A01BB2CC600033ED1D /* AppDelegate.swift in Sources */ = {isa = PBXBuildFile; fileRef = 5574199F1BB2CC600033ED1D /* AppDelegate.swift */; };
		557419A21BB2CC600033ED1D /* ViewController.swift in Sources */ = {isa = PBXBuildFile; fileRef = 557419A11BB2CC600033ED1D /* ViewController.swift */; };
		557419A51BB2CC600033ED1D /* Main.storyboard in Resources */ = {isa = PBXBuildFile; fileRef = 557419A31BB2CC600033ED1D /* Main.storyboard */; };
		557419A71BB2CC600033ED1D /* Images.xcassets in Resources */ = {isa = PBXBuildFile; fileRef = 557419A61BB2CC600033ED1D /* Images.xcassets */; };
		557419AA1BB2CC600033ED1D /* LaunchScreen.xib in Resources */ = {isa = PBXBuildFile; fileRef = 557419A81BB2CC600033ED1D /* LaunchScreen.xib */; };
/* End PBXBuildFile section */

/* Begin PBXFileReference section */
		5574199A1BB2CC600033ED1D /* swift-switch-bug.app */ = {isa = PBXFileReference; explicitFileType = wrapper.application; includeInIndex = 0; path = "swift-switch-bug.app"; sourceTree = BUILT_PRODUCTS_DIR; };
		5574199E1BB2CC600033ED1D /* Info.plist */ = {isa = PBXFileReference; lastKnownFileType = text.plist.xml; path = Info.plist; sourceTree = "<group>"; };
		5574199F1BB2CC600033ED1D /* AppDelegate.swift */ = {isa = PBXFileReference; lastKnownFileType = sourcecode.swift; path = AppDelegate.swift; sourceTree = "<group>"; };
		557419A11BB2CC600033ED1D /* ViewController.swift */ = {isa = PBXFileReference; lastKnownFileType = sourcecode.swift; path = ViewController.swift; sourceTree = "<group>"; };
		557419A41BB2CC600033ED1D /* Base */ = {isa = PBXFileReference; lastKnownFileType = file.storyboard; name = Base; path = Base.lproj/Main.storyboard; sourceTree = "<group>"; };
		557419A61BB2CC600033ED1D /* Images.xcassets */ = {isa = PBXFileReference; lastKnownFileType = folder.assetcatalog; path = Images.xcassets; sourceTree = "<group>"; };
		557419A91BB2CC600033ED1D /* Base */ = {isa = PBXFileReference; lastKnownFileType = file.xib; name = Base; path = Base.lproj/LaunchScreen.xib; sourceTree = "<group>"; };
/* End PBXFileReference section */

/* Begin PBXFrameworksBuildPhase section */
		557419971BB2CC600033ED1D /* Frameworks */ = {
			isa = PBXFrameworksBuildPhase;
			buildActionMask = 2147483647;
			files = (
			);
			runOnlyForDeploymentPostprocessing = 0;
		};
/* End PBXFrameworksBuildPhase section */

/* Begin PBXGroup section */
		557419911BB2CC600033ED1D = {
			isa = PBXGroup;
			children = (
				5574199C1BB2CC600033ED1D /* swift-switch-bug */,
				5574199B1BB2CC600033ED1D /* Products */,
			);
			sourceTree = "<group>";
		};
		5574199B1BB2CC600033ED1D /* Products */ = {
			isa = PBXGroup;
			children = (
				5574199A1BB2CC600033ED1D /* swift-switch-bug.app */,
			);
			name = Products;
			sourceTree = "<group>";
		};
		5574199C1BB2CC600033ED1D /* swift-switch-bug */ = {
			isa = PBXGroup;
			children = (
				5574199F1BB2CC600033ED1D /* AppDelegate.swift */,
				557419A11BB2CC600033ED1D /* ViewController.swift */,
				557419A31BB2CC600033ED1D /* Main.storyboard */,
				557419A61BB2CC600033ED1D /* Images.xcassets */,
				557419A81BB2CC600033ED1D /* LaunchScreen.xib */,
				5574199D1BB2CC600033ED1D /* Supporting Files */,
			);
			name = "swift-switch-bug";
			path = "swift-switch-bug";
			sourceTree = "<group>";
		};
		5574199D1BB2CC600033ED1D /* Supporting Files */ = {
			isa = PBXGroup;
			children = (
				5574199E1BB2CC600033ED1D /* Info.plist */,
			);
			name = "Supporting Files";
			sourceTree = "<group>";
		};
/* End PBXGroup section */

/* Begin PBXNativeTarget section */
		557419991BB2CC600033ED1D /* swift-switch-bug */ = {
			isa = PBXNativeTarget;
			buildConfigurationList = 557419B91BB2CC610033ED1D /* Build configuration list for PBXNativeTarget "swift-switch-bug" */;
			buildPhases = (
				557419961BB2CC600033ED1D /* Sources */,
				557419971BB2CC600033ED1D /* Frameworks */,
				557419981BB2CC600033ED1D /* Resources */,
			);
			buildRules = (
			);
			dependencies = (
			);
			name = "swift-switch-bug";
			productName = "swift-switch-bug";
			productReference = 5574199A1BB2CC600033ED1D /* swift-switch-bug.app */;
			productType = "com.apple.product-type.application";
		};
/* End PBXNativeTarget section */

/* Begin PBXProject section */
		557419921BB2CC600033ED1D /* Project object */ = {
			isa = PBXProject;
			attributes = {
				LastUpgradeCheck = 0640;
				ORGANIZATIONNAME = "Will James";
				TargetAttributes = {
					557419991BB2CC600033ED1D = {
						CreatedOnToolsVersion = 6.4;
					};
				};
			};
			buildConfigurationList = 557419951BB2CC600033ED1D /* Build configuration list for PBXProject "swift-switch-bug" */;
			compatibilityVersion = "Xcode 3.2";
			developmentRegion = English;
			hasScannedForEncodings = 0;
			knownRegions = (
				en,
				Base,
			);
			mainGroup = 557419911BB2CC600033ED1D;
			productRefGroup = 5574199B1BB2CC600033ED1D /* Products */;
			projectDirPath = "";
			projectRoot = "";
			targets = (
				557419991BB2CC600033ED1D /* swift-switch-bug */,
			);
		};
/* End PBXProject section */

/* Begin PBXResourcesBuildPhase section */
		557419981BB2CC600033ED1D /* Resources */ = {
			isa = PBXResourcesBuildPhase;
			buildActionMask = 2147483647;
			files = (
				557419A51BB2CC600033ED1D /* Main.storyboard in Resources */,
				557419AA1BB2CC600033ED1D /* LaunchScreen.xib in Resources */,
				557419A71BB2CC600033ED1D /* Images.xcassets in Resources */,
			);
			runOnlyForDeploymentPostprocessing = 0;
		};
/* End PBXResourcesBuildPhase section */

/* Begin PBXSourcesBuildPhase section */
		557419961BB2CC600033ED1D /* Sources */ = {
			isa = PBXSourcesBuildPhase;
			buildActionMask = 2147483647;
			files = (
				557419A21BB2CC600033ED1D /* ViewController.swift in Sources */,
				557419A01BB2CC600033ED1D /* AppDelegate.swift in Sources */,
			);
			runOnlyForDeploymentPostprocessing = 0;
		};
/* End PBXSourcesBuildPhase section */

/* Begin PBXVariantGroup section */
		557419A31BB2CC600033ED1D /* Main.storyboard */ = {
			isa = PBXVariantGroup;
			children = (
				557419A41BB2CC600033ED1D /* Base */,
			);
			name = Main.storyboard;
			sourceTree = "<group>";
		};
		557419A81BB2CC600033ED1D /* LaunchScreen.xib */ = {
			isa = PBXVariantGroup;
			children = (
				557419A91BB2CC600033ED1D /* Base */,
			);
			name = LaunchScreen.xib;
			sourceTree = "<group>";
		};
/* End PBXVariantGroup section */

/* Begin XCBuildConfiguration section */
		557419B71BB2CC610033ED1D /* Debug */ = {
			isa = XCBuildConfiguration;
			buildSettings = {
				ALWAYS_SEARCH_USER_PATHS = NO;
				CLANG_CXX_LANGUAGE_STANDARD = "gnu++0x";
				CLANG_CXX_LIBRARY = "libc++";
				CLANG_ENABLE_MODULES = YES;
				CLANG_ENABLE_OBJC_ARC = YES;
				CLANG_WARN_BOOL_CONVERSION = YES;
				CLANG_WARN_CONSTANT_CONVERSION = YES;
				CLANG_WARN_DIRECT_OBJC_ISA_USAGE = YES_ERROR;
				CLANG_WARN_EMPTY_BODY = YES;
				CLANG_WARN_ENUM_CONVERSION = YES;
				CLANG_WARN_INT_CONVERSION = YES;
				CLANG_WARN_OBJC_ROOT_CLASS = YES_ERROR;
				CLANG_WARN_UNREACHABLE_CODE = YES;
				CLANG_WARN__DUPLICATE_METHOD_MATCH = YES;
				"CODE_SIGN_IDENTITY[sdk=iphoneos*]" = "iPhone Developer";
				COPY_PHASE_STRIP = NO;
				DEBUG_INFORMATION_FORMAT = "dwarf-with-dsym";
				ENABLE_STRICT_OBJC_MSGSEND = YES;
				GCC_C_LANGUAGE_STANDARD = gnu99;
				GCC_DYNAMIC_NO_PIC = NO;
				GCC_NO_COMMON_BLOCKS = YES;
				GCC_OPTIMIZATION_LEVEL = 0;
				GCC_PREPROCESSOR_DEFINITIONS = (
					"DEBUG=1",
					"$(inherited)",
				);
				GCC_SYMBOLS_PRIVATE_EXTERN = NO;
				GCC_WARN_64_TO_32_BIT_CONVERSION = YES;
				GCC_WARN_ABOUT_RETURN_TYPE = YES_ERROR;
				GCC_WARN_UNDECLARED_SELECTOR = YES;
				GCC_WARN_UNINITIALIZED_AUTOS = YES_AGGRESSIVE;
				GCC_WARN_UNUSED_FUNCTION = YES;
				GCC_WARN_UNUSED_VARIABLE = YES;
				IPHONEOS_DEPLOYMENT_TARGET = 8.4;
				MTL_ENABLE_DEBUG_INFO = YES;
				ONLY_ACTIVE_ARCH = YES;
				SDKROOT = iphoneos;
				SWIFT_OPTIMIZATION_LEVEL = "-Onone";
			};
			name = Debug;
		};
		557419B81BB2CC610033ED1D /* Release */ = {
			isa = XCBuildConfiguration;
			buildSettings = {
				ALWAYS_SEARCH_USER_PATHS = NO;
				CLANG_CXX_LANGUAGE_STANDARD = "gnu++0x";
				CLANG_CXX_LIBRARY = "libc++";
				CLANG_ENABLE_MODULES = YES;
				CLANG_ENABLE_OBJC_ARC = YES;
				CLANG_WARN_BOOL_CONVERSION = YES;
				CLANG_WARN_CONSTANT_CONVERSION = YES;
				CLANG_WARN_DIRECT_OBJC_ISA_USAGE = YES_ERROR;
				CLANG_WARN_EMPTY_BODY = YES;
				CLANG_WARN_ENUM_CONVERSION = YES;
				CLANG_WARN_INT_CONVERSION = YES;
				CLANG_WARN_OBJC_ROOT_CLASS = YES_ERROR;
				CLANG_WARN_UNREACHABLE_CODE = YES;
				CLANG_WARN__DUPLICATE_METHOD_MATCH = YES;
				"CODE_SIGN_IDENTITY[sdk=iphoneos*]" = "iPhone Developer";
				COPY_PHASE_STRIP = NO;
				DEBUG_INFORMATION_FORMAT = "dwarf-with-dsym";
				ENABLE_NS_ASSERTIONS = NO;
				ENABLE_STRICT_OBJC_MSGSEND = YES;
				GCC_C_LANGUAGE_STANDARD = gnu99;
				GCC_NO_COMMON_BLOCKS = YES;
				GCC_WARN_64_TO_32_BIT_CONVERSION = YES;
				GCC_WARN_ABOUT_RETURN_TYPE = YES_ERROR;
				GCC_WARN_UNDECLARED_SELECTOR = YES;
				GCC_WARN_UNINITIALIZED_AUTOS = YES_AGGRESSIVE;
				GCC_WARN_UNUSED_FUNCTION = YES;
				GCC_WARN_UNUSED_VARIABLE = YES;
				IPHONEOS_DEPLOYMENT_TARGET = 8.4;
				MTL_ENABLE_DEBUG_INFO = NO;
				SDKROOT = iphoneos;
				VALIDATE_PRODUCT = YES;
			};
			name = Release;
		};
		557419BA1BB2CC610033ED1D /* Debug */ = {
			isa = XCBuildConfiguration;
			buildSettings = {
				ASSETCATALOG_COMPILER_APPICON_NAME = AppIcon;
				INFOPLIST_FILE = "swift-switch-bug/Info.plist";
				IPHONEOS_DEPLOYMENT_TARGET = 8.0;
				LD_RUNPATH_SEARCH_PATHS = "$(inherited) @executable_path/Frameworks";
				PRODUCT_NAME = "swift-switch-bug";
				TARGETED_DEVICE_FAMILY = "1,2";
			};
			name = Debug;
		};
		557419BB1BB2CC610033ED1D /* Release */ = {
			isa = XCBuildConfiguration;
			buildSettings = {
				ASSETCATALOG_COMPILER_APPICON_NAME = AppIcon;
				INFOPLIST_FILE = "swift-switch-bug/Info.plist";
				IPHONEOS_DEPLOYMENT_TARGET = 8.0;
				LD_RUNPATH_SEARCH_PATHS = "$(inherited) @executable_path/Frameworks";
				PRODUCT_NAME = "swift-switch-bug";
				TARGETED_DEVICE_FAMILY = "1,2";
			};
			name = Release;
		};
/* End XCBuildConfiguration section */

/* Begin XCConfigurationList section */
		557419951BB2CC600033ED1D /* Build configuration list for PBXProject "swift-switch-bug" */ = {
			isa = XCConfigurationList;
			buildConfigurations = (
				557419B71BB2CC610033ED1D /* Debug */,
				557419B81BB2CC610033ED1D /* Release */,
			);
			defaultConfigurationIsVisible = 0;
			defaultConfigurationName = Release;
		};
		557419B91BB2CC610033ED1D /* Build configuration list for PBXNativeTarget "swift-switch-bug" */ = {
			isa = XCConfigurationList;
			buildConfigurations = (
				557419BA1BB2CC610033ED1D /* Debug */,
				557419BB1BB2CC610033ED1D /* Release */,
			);
			defaultConfigurationIsVisible = 0;
			defaultConfigurationName = Release;
		};
/* End XCConfigurationList section */
	};
	rootObject = 557419921BB2CC600033ED1D /* Project object */;
}
